
Microsoft Visual Studio Solution File, Format Version 12.00
# Visual Studio 15
VisualStudioVersion = 15.0.27428.2037
MinimumVisualStudioVersion = 10.0.40219.1
Project("{8BC9CEB8-8B4A-11D0-8D11-00A0C91BC942}") = "3D Cube", "3D Cube\3D Cube.vcxproj", "{A22C71D4-553F-41DF-BF81-592DF89DF254}"
EndProject
Global
	GlobalSection(SolutionConfigurationPlatforms) = preSolution
		Debug|x64 = Debug|x64
		Debug|x86 = Debug|x86
		Release|x64 = Release|x64
		Release|x86 = Release|x86
	EndGlobalSection
	GlobalSection(ProjectConfigurationPlatforms) = postSolution
		{A22C71D4-553F-41DF-BF81-592DF89DF254}.Debug|x64.ActiveCfg = Debug|x64
		{A22C71D4-553F-41DF-BF81-592DF89DF254}.Debug|x64.Build.0 = Debug|x64
		{A22C71D4-553F-41DF-BF81-592DF89DF254}.Debug|x86.ActiveCfg = Debug|Win32
		{A22C71D4-553F-41DF-BF81-592DF89DF254}.Debug|x86.Build.0 = Debug|Win32
		{A22C71D4-553F-41DF-BF81-592DF89DF254}.Release|x64.ActiveCfg = Release|x64
		{A22C71D4-553F-41DF-BF81-592DF89DF254}.Release|x64.Build.0 = Release|x64
		{A22C71D4-553F-41DF-BF81-592DF89DF254}.Release|x86.ActiveCfg = Release|Win32
		{A22C71D4-553F-41DF-BF81-592DF89DF254}.Release|x86.Build.0 = Release|Win32
	EndGlobalSection
	GlobalSection(SolutionProperties) = preSolution
		HideSolutionNode = FALSE
	EndGlobalSection
	GlobalSection(ExtensibilityGlobals) = postSolution
		SolutionGuid = {D9122B3B-93B4-44AD-B0E5-041F5BE92F68}
	EndGlobalSection
EndGlobal
