
Microsoft Visual Studio Solution File, Format Version 12.00
# Visual Studio 15
VisualStudioVersion = 15.0.27428.2037
MinimumVisualStudioVersion = 10.0.40219.1
Project("{8BC9CEB8-8B4A-11D0-8D11-00A0C91BC942}") = "WindowGDI2", "WindowGDI2\WindowGDI2.vcxproj", "{916E9522-18CB-4906-A46C-A96EE22AAF61}"
EndProject
Global
	GlobalSection(SolutionConfigurationPlatforms) = preSolution
		Debug|x64 = Debug|x64
		Debug|x86 = Debug|x86
		Release|x64 = Release|x64
		Release|x86 = Release|x86
	EndGlobalSection
	GlobalSection(ProjectConfigurationPlatforms) = postSolution
		{916E9522-18CB-4906-A46C-A96EE22AAF61}.Debug|x64.ActiveCfg = Debug|x64
		{916E9522-18CB-4906-A46C-A96EE22AAF61}.Debug|x64.Build.0 = Debug|x64
		{916E9522-18CB-4906-A46C-A96EE22AAF61}.Debug|x86.ActiveCfg = Debug|Win32
		{916E9522-18CB-4906-A46C-A96EE22AAF61}.Debug|x86.Build.0 = Debug|Win32
		{916E9522-18CB-4906-A46C-A96EE22AAF61}.Release|x64.ActiveCfg = Release|x64
		{916E9522-18CB-4906-A46C-A96EE22AAF61}.Release|x64.Build.0 = Release|x64
		{916E9522-18CB-4906-A46C-A96EE22AAF61}.Release|x86.ActiveCfg = Release|Win32
		{916E9522-18CB-4906-A46C-A96EE22AAF61}.Release|x86.Build.0 = Release|Win32
	EndGlobalSection
	GlobalSection(SolutionProperties) = preSolution
		HideSolutionNode = FALSE
	EndGlobalSection
	GlobalSection(ExtensibilityGlobals) = postSolution
		SolutionGuid = {9A220A4F-EB35-4393-AC18-B769CBF44AC0}
	EndGlobalSection
EndGlobal
